{
  "markbot": "35287381525837c991ac4108609da9d976cdc6a924d0bc7ff425292f950c326e",
  "markbotignore": "030a4e6e1b3b6b510514a7ae54576e2c2ef762d56236c6414ef634955d96a126",
  "index-320.png": "281503a353f3dba2a326635d1e65953ef4052830a82cab2c88faf7026bb18f69",
  "index-400.png": "152cd7a925ba6e06914a12e69a99cde3f24fce317e37b1bd123239567109541e",
  "index-608.png": "ea1bb6e17a1fe3be757e1810dade4c3e0026dcbde627b904f324375b2903b562",
  "index-960.png": "80b3269050011cac086c8632bfdffb9f8c968ace907aea751cd0d232d9440a7b",
  "index-1440.png": "7bc4f9b55c25d44e7a6ede0654e7b86bdf123b5a39767ad48e2f6a5df9a7dd50"
}